
Microsoft Visual Studio Solution File, Format Version 12.00
Project("{FAE04EC0-301F-11D3-BF4B-00C04F79EFBC}") = "Extensions.Logging.InMemory", "Extensions.Logging.InMemory\Extensions.Logging.InMemory.csproj", "{38828535-F993-4F36-BCBC-9292EB779EB2}"
EndProject
Project("{FAE04EC0-301F-11D3-BF4B-00C04F79EFBC}") = "Extensions.Logging.InMemory.Tests", "Extensions.Logging.InMemory.Tests\Extensions.Logging.InMemory.Tests.csproj", "{6873D91B-A935-4B32-A65D-91CE5845F1DD}"
EndProject
Global
	GlobalSection(SolutionConfigurationPlatforms) = preSolution
		Debug|Any CPU = Debug|Any CPU
		Release|Any CPU = Release|Any CPU
	EndGlobalSection
	GlobalSection(ProjectConfigurationPlatforms) = postSolution
		{38828535-F993-4F36-BCBC-9292EB779EB2}.Debug|Any CPU.ActiveCfg = Debug|Any CPU
		{38828535-F993-4F36-BCBC-9292EB779EB2}.Debug|Any CPU.Build.0 = Debug|Any CPU
		{38828535-F993-4F36-BCBC-9292EB779EB2}.Release|Any CPU.ActiveCfg = Release|Any CPU
		{38828535-F993-4F36-BCBC-9292EB779EB2}.Release|Any CPU.Build.0 = Release|Any CPU
		{6873D91B-A935-4B32-A65D-91CE5845F1DD}.Debug|Any CPU.ActiveCfg = Debug|Any CPU
		{6873D91B-A935-4B32-A65D-91CE5845F1DD}.Debug|Any CPU.Build.0 = Debug|Any CPU
		{6873D91B-A935-4B32-A65D-91CE5845F1DD}.Release|Any CPU.ActiveCfg = Release|Any CPU
		{6873D91B-A935-4B32-A65D-91CE5845F1DD}.Release|Any CPU.Build.0 = Release|Any CPU
	EndGlobalSection
EndGlobal
